PODS:
  - FlutterMacOS (1.0.0)
  - rust_cryptor (0.0.1):
    - FlutterMacOS

DEPENDENCIES:
  - FlutterMacOS (from `Flutter/ephemeral`)
  - rust_cryptor (from `Flutter/ephemeral/.symlinks/plugins/rust_cryptor/macos`)

EXTERNAL SOURCES:
  FlutterMacOS:
    :path: Flutter/ephemeral
  rust_cryptor:
    :path: Flutter/ephemeral/.symlinks/plugins/rust_cryptor/macos

SPEC CHECKSUMS:
  FlutterMacOS: 57701585bf7de1b3fc2bb61f6378d73bbdea8424
  rust_cryptor: 65dd17f49583a435712781f4d1021302ce11dd7e

PODFILE CHECKSUM: 6eac6b3292e5142cfc23bdeb71848a40ec51c14c

COCOAPODS: 1.11.3
